
Microsoft Visual Studio Solution File, Format Version 12.00
# Visual Studio Version 17
VisualStudioVersion = 17.0.31903.59
MinimumVisualStudioVersion = 10.0.40219.1
Project("{2150E333-8FDC-42A3-9474-1A3956D46DE8}") = "src", "src", "{4D96FD5B-4E39-4B74-8B9F-2E92EE6FFC35}"
EndProject
Project("{9A19103F-16F7-4668-BE54-9A1E7A4F7556}") = "AuctionService", "src\AuctionService\AuctionService.csproj", "{54C0E438-0DCF-4DE1-992A-652C0863D048}"
EndProject
Project("{9A19103F-16F7-4668-BE54-9A1E7A4F7556}") = "SearchService", "SearchService\SearchService.csproj", "{CAAAB779-53BC-462F-91FC-D3EF64BF271F}"
EndProject
Project("{9A19103F-16F7-4668-BE54-9A1E7A4F7556}") = "Contracts", "src\Contracts\Contracts.csproj", "{EF4C0DA5-BADD-49E6-822E-80F57385BFA3}"
EndProject
Project("{9A19103F-16F7-4668-BE54-9A1E7A4F7556}") = "IdentityService", "src\IdentityService\IdentityService.csproj", "{68FD298C-CBD3-4059-8B98-28ECE8E8F44D}"
EndProject
Global
	GlobalSection(SolutionConfigurationPlatforms) = preSolution
		Debug|Any CPU = Debug|Any CPU
		Release|Any CPU = Release|Any CPU
	EndGlobalSection
	GlobalSection(ProjectConfigurationPlatforms) = postSolution
		{54C0E438-0DCF-4DE1-992A-652C0863D048}.Debug|Any CPU.ActiveCfg = Debug|Any CPU
		{54C0E438-0DCF-4DE1-992A-652C0863D048}.Debug|Any CPU.Build.0 = Debug|Any CPU
		{54C0E438-0DCF-4DE1-992A-652C0863D048}.Release|Any CPU.ActiveCfg = Release|Any CPU
		{54C0E438-0DCF-4DE1-992A-652C0863D048}.Release|Any CPU.Build.0 = Release|Any CPU
		{CAAAB779-53BC-462F-91FC-D3EF64BF271F}.Debug|Any CPU.ActiveCfg = Debug|Any CPU
		{CAAAB779-53BC-462F-91FC-D3EF64BF271F}.Debug|Any CPU.Build.0 = Debug|Any CPU
		{CAAAB779-53BC-462F-91FC-D3EF64BF271F}.Release|Any CPU.ActiveCfg = Release|Any CPU
		{CAAAB779-53BC-462F-91FC-D3EF64BF271F}.Release|Any CPU.Build.0 = Release|Any CPU
		{EF4C0DA5-BADD-49E6-822E-80F57385BFA3}.Debug|Any CPU.ActiveCfg = Debug|Any CPU
		{EF4C0DA5-BADD-49E6-822E-80F57385BFA3}.Debug|Any CPU.Build.0 = Debug|Any CPU
		{EF4C0DA5-BADD-49E6-822E-80F57385BFA3}.Release|Any CPU.ActiveCfg = Release|Any CPU
		{EF4C0DA5-BADD-49E6-822E-80F57385BFA3}.Release|Any CPU.Build.0 = Release|Any CPU
		{68FD298C-CBD3-4059-8B98-28ECE8E8F44D}.Debug|Any CPU.ActiveCfg = Debug|Any CPU
		{68FD298C-CBD3-4059-8B98-28ECE8E8F44D}.Debug|Any CPU.Build.0 = Debug|Any CPU
		{68FD298C-CBD3-4059-8B98-28ECE8E8F44D}.Release|Any CPU.ActiveCfg = Release|Any CPU
		{68FD298C-CBD3-4059-8B98-28ECE8E8F44D}.Release|Any CPU.Build.0 = Release|Any CPU
	EndGlobalSection
	GlobalSection(SolutionProperties) = preSolution
		HideSolutionNode = FALSE
	EndGlobalSection
	GlobalSection(NestedProjects) = preSolution
		{54C0E438-0DCF-4DE1-992A-652C0863D048} = {4D96FD5B-4E39-4B74-8B9F-2E92EE6FFC35}
		{CAAAB779-53BC-462F-91FC-D3EF64BF271F} = {4D96FD5B-4E39-4B74-8B9F-2E92EE6FFC35}
		{68FD298C-CBD3-4059-8B98-28ECE8E8F44D} = {4D96FD5B-4E39-4B74-8B9F-2E92EE6FFC35}
	EndGlobalSection
	GlobalSection(ExtensibilityGlobals) = postSolution
		SolutionGuid = {B0E89B91-F624-4445-AECF-2699F38A2510}
	EndGlobalSection
EndGlobal
